// !$*UTF8*$!
{
	archiveVersion = 1;
	classes = {
	};
	objectVersion = 56;
	objects = {

/* Begin PBXBuildFile section */
		B8EFC8322C2E056E00EEFD23 /* ListViewController.swift in Sources */ = {isa = PBXBuildFile; fileRef = B8EFC8312C2E056E00EEFD23 /* ListViewController.swift */; };
		B8EFC8342C2E05A700EEFD23 /* ViewModel.swift in Sources */ = {isa = PBXBuildFile; fileRef = B8EFC8332C2E05A700EEFD23 /* ViewModel.swift */; };
		B8F4B7932C12135C000596BD /* AppDelegate.swift in Sources */ = {isa = PBXBuildFile; fileRef = B8F4B7922C12135C000596BD /* AppDelegate.swift */; };
		B8F4B7952C12135C000596BD /* SceneDelegate.swift in Sources */ = {isa = PBXBuildFile; fileRef = B8F4B7942C12135C000596BD /* SceneDelegate.swift */; };
		B8F4B7972C12135C000596BD /* DetailViewController.swift in Sources */ = {isa = PBXBuildFile; fileRef = B8F4B7962C12135C000596BD /* DetailViewController.swift */; };
		B8F4B79C2C12135E000596BD /* Assets.xcassets in Resources */ = {isa = PBXBuildFile; fileRef = B8F4B79B2C12135E000596BD /* Assets.xcassets */; };
		B8F4B79F2C12135E000596BD /* LaunchScreen.storyboard in Resources */ = {isa = PBXBuildFile; fileRef = B8F4B79D2C12135E000596BD /* LaunchScreen.storyboard */; };
		B8F4B7AA2C12135E000596BD /* PokedexTests.swift in Sources */ = {isa = PBXBuildFile; fileRef = B8F4B7A92C12135E000596BD /* PokedexTests.swift */; };
		B8F4B7B42C12135E000596BD /* PokedexUITests.swift in Sources */ = {isa = PBXBuildFile; fileRef = B8F4B7B32C12135E000596BD /* PokedexUITests.swift */; };
		B8F4B7B62C12135E000596BD /* PokedexUITestsLaunchTests.swift in Sources */ = {isa = PBXBuildFile; fileRef = B8F4B7B52C12135E000596BD /* PokedexUITestsLaunchTests.swift */; };
		B8F4B7C72C19F5B0000596BD /* PaddingLabel.swift in Sources */ = {isa = PBXBuildFile; fileRef = B8F4B7C62C19F5B0000596BD /* PaddingLabel.swift */; };
		B8F4B7C92C1B56DD000596BD /* Pokemon.swift in Sources */ = {isa = PBXBuildFile; fileRef = B8F4B7C82C1B56DD000596BD /* Pokemon.swift */; };
		B8F4B7CC2C1B6133000596BD /* Service.swift in Sources */ = {isa = PBXBuildFile; fileRef = B8F4B7CB2C1B6133000596BD /* Service.swift */; };
/* End PBXBuildFile section */

/* Begin PBXContainerItemProxy section */
		B8F4B7A62C12135E000596BD /* PBXContainerItemProxy */ = {
			isa = PBXContainerItemProxy;
			containerPortal = B8F4B7872C12135C000596BD /* Project object */;
			proxyType = 1;
			remoteGlobalIDString = B8F4B78E2C12135C000596BD;
			remoteInfo = Pokedex;
		};
		B8F4B7B02C12135E000596BD /* PBXContainerItemProxy */ = {
			isa = PBXContainerItemProxy;
			containerPortal = B8F4B7872C12135C000596BD /* Project object */;
			proxyType = 1;
			remoteGlobalIDString = B8F4B78E2C12135C000596BD;
			remoteInfo = Pokedex;
		};
/* End PBXContainerItemProxy section */

/* Begin PBXFileReference section */
		B8EFC8312C2E056E00EEFD23 /* ListViewController.swift */ = {isa = PBXFileReference; lastKnownFileType = sourcecode.swift; path = ListViewController.swift; sourceTree = "<group>"; };
		B8EFC8332C2E05A700EEFD23 /* ViewModel.swift */ = {isa = PBXFileReference; lastKnownFileType = sourcecode.swift; path = ViewModel.swift; sourceTree = "<group>"; };
		B8F4B78F2C12135C000596BD /* Pokedex.app */ = {isa = PBXFileReference; explicitFileType = wrapper.application; includeInIndex = 0; path = Pokedex.app; sourceTree = BUILT_PRODUCTS_DIR; };
		B8F4B7922C12135C000596BD /* AppDelegate.swift */ = {isa = PBXFileReference; lastKnownFileType = sourcecode.swift; path = AppDelegate.swift; sourceTree = "<group>"; };
		B8F4B7942C12135C000596BD /* SceneDelegate.swift */ = {isa = PBXFileReference; lastKnownFileType = sourcecode.swift; path = SceneDelegate.swift; sourceTree = "<group>"; };
		B8F4B7962C12135C000596BD /* DetailViewController.swift */ = {isa = PBXFileReference; lastKnownFileType = sourcecode.swift; path = DetailViewController.swift; sourceTree = "<group>"; };
		B8F4B79B2C12135E000596BD /* Assets.xcassets */ = {isa = PBXFileReference; lastKnownFileType = folder.assetcatalog; path = Assets.xcassets; sourceTree = "<group>"; };
		B8F4B79E2C12135E000596BD /* Base */ = {isa = PBXFileReference; lastKnownFileType = file.storyboard; name = Base; path = Base.lproj/LaunchScreen.storyboard; sourceTree = "<group>"; };
		B8F4B7A02C12135E000596BD /* Info.plist */ = {isa = PBXFileReference; lastKnownFileType = text.plist.xml; path = Info.plist; sourceTree = "<group>"; };
		B8F4B7A52C12135E000596BD /* PokedexTests.xctest */ = {isa = PBXFileReference; explicitFileType = wrapper.cfbundle; includeInIndex = 0; path = PokedexTests.xctest; sourceTree = BUILT_PRODUCTS_DIR; };
		B8F4B7A92C12135E000596BD /* PokedexTests.swift */ = {isa = PBXFileReference; lastKnownFileType = sourcecode.swift; path = PokedexTests.swift; sourceTree = "<group>"; };
		B8F4B7AF2C12135E000596BD /* PokedexUITests.xctest */ = {isa = PBXFileReference; explicitFileType = wrapper.cfbundle; includeInIndex = 0; path = PokedexUITests.xctest; sourceTree = BUILT_PRODUCTS_DIR; };
		B8F4B7B32C12135E000596BD /* PokedexUITests.swift */ = {isa = PBXFileReference; lastKnownFileType = sourcecode.swift; path = PokedexUITests.swift; sourceTree = "<group>"; };
		B8F4B7B52C12135E000596BD /* PokedexUITestsLaunchTests.swift */ = {isa = PBXFileReference; lastKnownFileType = sourcecode.swift; path = PokedexUITestsLaunchTests.swift; sourceTree = "<group>"; };
		B8F4B7C62C19F5B0000596BD /* PaddingLabel.swift */ = {isa = PBXFileReference; lastKnownFileType = sourcecode.swift; path = PaddingLabel.swift; sourceTree = "<group>"; };
		B8F4B7C82C1B56DD000596BD /* Pokemon.swift */ = {isa = PBXFileReference; lastKnownFileType = sourcecode.swift; path = Pokemon.swift; sourceTree = "<group>"; };
		B8F4B7CB2C1B6133000596BD /* Service.swift */ = {isa = PBXFileReference; lastKnownFileType = sourcecode.swift; path = Service.swift; sourceTree = "<group>"; };
/* End PBXFileReference section */

/* Begin PBXFrameworksBuildPhase section */
		B8F4B78C2C12135C000596BD /* Frameworks */ = {
			isa = PBXFrameworksBuildPhase;
			buildActionMask = 2147483647;
			files = (
			);
			runOnlyForDeploymentPostprocessing = 0;
		};
		B8F4B7A22C12135E000596BD /* Frameworks */ = {
			isa = PBXFrameworksBuildPhase;
			buildActionMask = 2147483647;
			files = (
			);
			runOnlyForDeploymentPostprocessing = 0;
		};
		B8F4B7AC2C12135E000596BD /* Frameworks */ = {
			isa = PBXFrameworksBuildPhase;
			buildActionMask = 2147483647;
			files = (
			);
			runOnlyForDeploymentPostprocessing = 0;
		};
/* End PBXFrameworksBuildPhase section */

/* Begin PBXGroup section */
		B8F4B7862C12135C000596BD = {
			isa = PBXGroup;
			children = (
				B8F4B7912C12135C000596BD /* Pokedex */,
				B8F4B7A82C12135E000596BD /* PokedexTests */,
				B8F4B7B22C12135E000596BD /* PokedexUITests */,
				B8F4B7902C12135C000596BD /* Products */,
			);
			sourceTree = "<group>";
		};
		B8F4B7902C12135C000596BD /* Products */ = {
			isa = PBXGroup;
			children = (
				B8F4B78F2C12135C000596BD /* Pokedex.app */,
				B8F4B7A52C12135E000596BD /* PokedexTests.xctest */,
				B8F4B7AF2C12135E000596BD /* PokedexUITests.xctest */,
			);
			name = Products;
			sourceTree = "<group>";
		};
		B8F4B7912C12135C000596BD /* Pokedex */ = {
			isa = PBXGroup;
			children = (
				B8F4B7C52C17DB95000596BD /* Source */,
				B8F4B7C22C17DA18000596BD /* Application */,
				B8F4B7C42C17DB72000596BD /* Resources */,
				B8F4B7A02C12135E000596BD /* Info.plist */,
			);
			path = Pokedex;
			sourceTree = "<group>";
		};
		B8F4B7A82C12135E000596BD /* PokedexTests */ = {
			isa = PBXGroup;
			children = (
				B8F4B7A92C12135E000596BD /* PokedexTests.swift */,
			);
			path = PokedexTests;
			sourceTree = "<group>";
		};
		B8F4B7B22C12135E000596BD /* PokedexUITests */ = {
			isa = PBXGroup;
			children = (
				B8F4B7B32C12135E000596BD /* PokedexUITests.swift */,
				B8F4B7B52C12135E000596BD /* PokedexUITestsLaunchTests.swift */,
			);
			path = PokedexUITests;
			sourceTree = "<group>";
		};
		B8F4B7C22C17DA18000596BD /* Application */ = {
			isa = PBXGroup;
			children = (
				B8F4B7922C12135C000596BD /* AppDelegate.swift */,
				B8F4B7942C12135C000596BD /* SceneDelegate.swift */,
				B8F4B79D2C12135E000596BD /* LaunchScreen.storyboard */,
			);
			path = Application;
			sourceTree = "<group>";
		};
		B8F4B7C42C17DB72000596BD /* Resources */ = {
			isa = PBXGroup;
			children = (
				B8F4B79B2C12135E000596BD /* Assets.xcassets */,
			);
			path = Resources;
			sourceTree = "<group>";
		};
		B8F4B7C52C17DB95000596BD /* Source */ = {
			isa = PBXGroup;
			children = (
				B8F4B7962C12135C000596BD /* DetailViewController.swift */,
				B8EFC8312C2E056E00EEFD23 /* ListViewController.swift */,
				B8EFC8332C2E05A700EEFD23 /* ViewModel.swift */,
				B8F4B7C82C1B56DD000596BD /* Pokemon.swift */,
				B8F4B7CB2C1B6133000596BD /* Service.swift */,
				B8F4B7C62C19F5B0000596BD /* PaddingLabel.swift */,
			);
			path = Source;
			sourceTree = "<group>";
		};
/* End PBXGroup section */

/* Begin PBXNativeTarget section */
		B8F4B78E2C12135C000596BD /* Pokedex */ = {
			isa = PBXNativeTarget;
			buildConfigurationList = B8F4B7B92C12135E000596BD /* Build configuration list for PBXNativeTarget "Pokedex" */;
			buildPhases = (
				B8F4B78B2C12135C000596BD /* Sources */,
				B8F4B78C2C12135C000596BD /* Frameworks */,
				B8F4B78D2C12135C000596BD /* Resources */,
			);
			buildRules = (
			);
			dependencies = (
			);
			name = Pokedex;
			productName = Pokedex;
			productReference = B8F4B78F2C12135C000596BD /* Pokedex.app */;
			productType = "com.apple.product-type.application";
		};
		B8F4B7A42C12135E000596BD /* PokedexTests */ = {
			isa = PBXNativeTarget;
			buildConfigurationList = B8F4B7BC2C12135E000596BD /* Build configuration list for PBXNativeTarget "PokedexTests" */;
			buildPhases = (
				B8F4B7A12C12135E000596BD /* Sources */,
				B8F4B7A22C12135E000596BD /* Frameworks */,
				B8F4B7A32C12135E000596BD /* Resources */,
			);
			buildRules = (
			);
			dependencies = (
				B8F4B7A72C12135E000596BD /* PBXTargetDependency */,
			);
			name = PokedexTests;
			productName = PokedexTests;
			productReference = B8F4B7A52C12135E000596BD /* PokedexTests.xctest */;
			productType = "com.apple.product-type.bundle.unit-test";
		};
		B8F4B7AE2C12135E000596BD /* PokedexUITests */ = {
			isa = PBXNativeTarget;
			buildConfigurationList = B8F4B7BF2C12135E000596BD /* Build configuration list for PBXNativeTarget "PokedexUITests" */;
			buildPhases = (
				B8F4B7AB2C12135E000596BD /* Sources */,
				B8F4B7AC2C12135E000596BD /* Frameworks */,
				B8F4B7AD2C12135E000596BD /* Resources */,
			);
			buildRules = (
			);
			dependencies = (
				B8F4B7B12C12135E000596BD /* PBXTargetDependency */,
			);
			name = PokedexUITests;
			productName = PokedexUITests;
			productReference = B8F4B7AF2C12135E000596BD /* PokedexUITests.xctest */;
			productType = "com.apple.product-type.bundle.ui-testing";
		};
/* End PBXNativeTarget section */

/* Begin PBXProject section */
		B8F4B7872C12135C000596BD /* Project object */ = {
			isa = PBXProject;
			attributes = {
				BuildIndependentTargetsInParallel = 1;
				LastSwiftUpdateCheck = 1510;
				LastUpgradeCheck = 1510;
				TargetAttributes = {
					B8F4B78E2C12135C000596BD = {
						CreatedOnToolsVersion = 15.1;
					};
					B8F4B7A42C12135E000596BD = {
						CreatedOnToolsVersion = 15.1;
						TestTargetID = B8F4B78E2C12135C000596BD;
					};
					B8F4B7AE2C12135E000596BD = {
						CreatedOnToolsVersion = 15.1;
						TestTargetID = B8F4B78E2C12135C000596BD;
					};
				};
			};
			buildConfigurationList = B8F4B78A2C12135C000596BD /* Build configuration list for PBXProject "Pokedex" */;
			compatibilityVersion = "Xcode 14.0";
			developmentRegion = en;
			hasScannedForEncodings = 0;
			knownRegions = (
				en,
				Base,
			);
			mainGroup = B8F4B7862C12135C000596BD;
			productRefGroup = B8F4B7902C12135C000596BD /* Products */;
			projectDirPath = "";
			projectRoot = "";
			targets = (
				B8F4B78E2C12135C000596BD /* Pokedex */,
				B8F4B7A42C12135E000596BD /* PokedexTests */,
				B8F4B7AE2C12135E000596BD /* PokedexUITests */,
			);
		};
/* End PBXProject section */

/* Begin PBXResourcesBuildPhase section */
		B8F4B78D2C12135C000596BD /* Resources */ = {
			isa = PBXResourcesBuildPhase;
			buildActionMask = 2147483647;
			files = (
				B8F4B79F2C12135E000596BD /* LaunchScreen.storyboard in Resources */,
				B8F4B79C2C12135E000596BD /* Assets.xcassets in Resources */,
			);
			runOnlyForDeploymentPostprocessing = 0;
		};
		B8F4B7A32C12135E000596BD /* Resources */ = {
			isa = PBXResourcesBuildPhase;
			buildActionMask = 2147483647;
			files = (
			);
			runOnlyForDeploymentPostprocessing = 0;
		};
		B8F4B7AD2C12135E000596BD /* Resources */ = {
			isa = PBXResourcesBuildPhase;
			buildActionMask = 2147483647;
			files = (
			);
			runOnlyForDeploymentPostprocessing = 0;
		};
/* End PBXResourcesBuildPhase section */

/* Begin PBXSourcesBuildPhase section */
		B8F4B78B2C12135C000596BD /* Sources */ = {
			isa = PBXSourcesBuildPhase;
			buildActionMask = 2147483647;
			files = (
				B8F4B7C92C1B56DD000596BD /* Pokemon.swift in Sources */,
				B8F4B7C72C19F5B0000596BD /* PaddingLabel.swift in Sources */,
				B8F4B7972C12135C000596BD /* DetailViewController.swift in Sources */,
				B8F4B7932C12135C000596BD /* AppDelegate.swift in Sources */,
				B8F4B7952C12135C000596BD /* SceneDelegate.swift in Sources */,
				B8F4B7CC2C1B6133000596BD /* Service.swift in Sources */,
				B8EFC8342C2E05A700EEFD23 /* ViewModel.swift in Sources */,
				B8EFC8322C2E056E00EEFD23 /* ListViewController.swift in Sources */,
			);
			runOnlyForDeploymentPostprocessing = 0;
		};
		B8F4B7A12C12135E000596BD /* Sources */ = {
			isa = PBXSourcesBuildPhase;
			buildActionMask = 2147483647;
			files = (
				B8F4B7AA2C12135E000596BD /* PokedexTests.swift in Sources */,
			);
			runOnlyForDeploymentPostprocessing = 0;
		};
		B8F4B7AB2C12135E000596BD /* Sources */ = {
			isa = PBXSourcesBuildPhase;
			buildActionMask = 2147483647;
			files = (
				B8F4B7B42C12135E000596BD /* PokedexUITests.swift in Sources */,
				B8F4B7B62C12135E000596BD /* PokedexUITestsLaunchTests.swift in Sources */,
			);
			runOnlyForDeploymentPostprocessing = 0;
		};
/* End PBXSourcesBuildPhase section */

/* Begin PBXTargetDependency section */
		B8F4B7A72C12135E000596BD /* PBXTargetDependency */ = {
			isa = PBXTargetDependency;
			target = B8F4B78E2C12135C000596BD /* Pokedex */;
			targetProxy = B8F4B7A62C12135E000596BD /* PBXContainerItemProxy */;
		};
		B8F4B7B12C12135E000596BD /* PBXTargetDependency */ = {
			isa = PBXTargetDependency;
			target = B8F4B78E2C12135C000596BD /* Pokedex */;
			targetProxy = B8F4B7B02C12135E000596BD /* PBXContainerItemProxy */;
		};
/* End PBXTargetDependency section */

/* Begin PBXVariantGroup section */
		B8F4B79D2C12135E000596BD /* LaunchScreen.storyboard */ = {
			isa = PBXVariantGroup;
			children = (
				B8F4B79E2C12135E000596BD /* Base */,
			);
			name = LaunchScreen.storyboard;
			sourceTree = "<group>";
		};
/* End PBXVariantGroup section */

/* Begin XCBuildConfiguration section */
		B8F4B7B72C12135E000596BD /* Debug */ = {
			isa = XCBuildConfiguration;
			buildSettings = {
				ALWAYS_SEARCH_USER_PATHS = NO;
				ASSETCATALOG_COMPILER_GENERATE_SWIFT_ASSET_SYMBOL_EXTENSIONS = YES;
				CLANG_ANALYZER_NONNULL = YES;
				CLANG_ANALYZER_NUMBER_OBJECT_CONVERSION = YES_AGGRESSIVE;
				CLANG_CXX_LANGUAGE_STANDARD = "gnu++20";
				CLANG_ENABLE_MODULES = YES;
				CLANG_ENABLE_OBJC_ARC = YES;
				CLANG_ENABLE_OBJC_WEAK = YES;
				CLANG_WARN_BLOCK_CAPTURE_AUTORELEASING = YES;
				CLANG_WARN_BOOL_CONVERSION = YES;
				CLANG_WARN_COMMA = YES;
				CLANG_WARN_CONSTANT_CONVERSION = YES;
				CLANG_WARN_DEPRECATED_OBJC_IMPLEMENTATIONS = YES;
				CLANG_WARN_DIRECT_OBJC_ISA_USAGE = YES_ERROR;
				CLANG_WARN_DOCUMENTATION_COMMENTS = YES;
				CLANG_WARN_EMPTY_BODY = YES;
				CLANG_WARN_ENUM_CONVERSION = YES;
				CLANG_WARN_INFINITE_RECURSION = YES;
				CLANG_WARN_INT_CONVERSION = YES;
				CLANG_WARN_NON_LITERAL_NULL_CONVERSION = YES;
				CLANG_WARN_OBJC_IMPLICIT_RETAIN_SELF = YES;
				CLANG_WARN_OBJC_LITERAL_CONVERSION = YES;
				CLANG_WARN_OBJC_ROOT_CLASS = YES_ERROR;
				CLANG_WARN_QUOTED_INCLUDE_IN_FRAMEWORK_HEADER = YES;
				CLANG_WARN_RANGE_LOOP_ANALYSIS = YES;
				CLANG_WARN_STRICT_PROTOTYPES = YES;
				CLANG_WARN_SUSPICIOUS_MOVE = YES;
				CLANG_WARN_UNGUARDED_AVAILABILITY = YES_AGGRESSIVE;
				CLANG_WARN_UNREACHABLE_CODE = YES;
				CLANG_WARN__DUPLICATE_METHOD_MATCH = YES;
				COPY_PHASE_STRIP = NO;
				DEBUG_INFORMATION_FORMAT = dwarf;
				ENABLE_STRICT_OBJC_MSGSEND = YES;
				ENABLE_TESTABILITY = YES;
				ENABLE_USER_SCRIPT_SANDBOXING = YES;
				GCC_C_LANGUAGE_STANDARD = gnu17;
				GCC_DYNAMIC_NO_PIC = NO;
				GCC_NO_COMMON_BLOCKS = YES;
				GCC_OPTIMIZATION_LEVEL = 0;
				GCC_PREPROCESSOR_DEFINITIONS = (
					"DEBUG=1",
					"$(inherited)",
				);
				GCC_WARN_64_TO_32_BIT_CONVERSION = YES;
				GCC_WARN_ABOUT_RETURN_TYPE = YES_ERROR;
				GCC_WARN_UNDECLARED_SELECTOR = YES;
				GCC_WARN_UNINITIALIZED_AUTOS = YES_AGGRESSIVE;
				GCC_WARN_UNUSED_FUNCTION = YES;
				GCC_WARN_UNUSED_VARIABLE = YES;
				IPHONEOS_DEPLOYMENT_TARGET = 17.2;
				LOCALIZATION_PREFERS_STRING_CATALOGS = YES;
				MTL_ENABLE_DEBUG_INFO = INCLUDE_SOURCE;
				MTL_FAST_MATH = YES;
				ONLY_ACTIVE_ARCH = YES;
				SDKROOT = iphoneos;
				SWIFT_ACTIVE_COMPILATION_CONDITIONS = "DEBUG $(inherited)";
				SWIFT_OPTIMIZATION_LEVEL = "-Onone";
			};
			name = Debug;
		};
		B8F4B7B82C12135E000596BD /* Release */ = {
			isa = XCBuildConfiguration;
			buildSettings = {
				ALWAYS_SEARCH_USER_PATHS = NO;
				ASSETCATALOG_COMPILER_GENERATE_SWIFT_ASSET_SYMBOL_EXTENSIONS = YES;
				CLANG_ANALYZER_NONNULL = YES;
				CLANG_ANALYZER_NUMBER_OBJECT_CONVERSION = YES_AGGRESSIVE;
				CLANG_CXX_LANGUAGE_STANDARD = "gnu++20";
				CLANG_ENABLE_MODULES = YES;
				CLANG_ENABLE_OBJC_ARC = YES;
				CLANG_ENABLE_OBJC_WEAK = YES;
				CLANG_WARN_BLOCK_CAPTURE_AUTORELEASING = YES;
				CLANG_WARN_BOOL_CONVERSION = YES;
				CLANG_WARN_COMMA = YES;
				CLANG_WARN_CONSTANT_CONVERSION = YES;
				CLANG_WARN_DEPRECATED_OBJC_IMPLEMENTATIONS = YES;
				CLANG_WARN_DIRECT_OBJC_ISA_USAGE = YES_ERROR;
				CLANG_WARN_DOCUMENTATION_COMMENTS = YES;
				CLANG_WARN_EMPTY_BODY = YES;
				CLANG_WARN_ENUM_CONVERSION = YES;
				CLANG_WARN_INFINITE_RECURSION = YES;
				CLANG_WARN_INT_CONVERSION = YES;
				CLANG_WARN_NON_LITERAL_NULL_CONVERSION = YES;
				CLANG_WARN_OBJC_IMPLICIT_RETAIN_SELF = YES;
				CLANG_WARN_OBJC_LITERAL_CONVERSION = YES;
				CLANG_WARN_OBJC_ROOT_CLASS = YES_ERROR;
				CLANG_WARN_QUOTED_INCLUDE_IN_FRAMEWORK_HEADER = YES;
				CLANG_WARN_RANGE_LOOP_ANALYSIS = YES;
				CLANG_WARN_STRICT_PROTOTYPES = YES;
				CLANG_WARN_SUSPICIOUS_MOVE = YES;
				CLANG_WARN_UNGUARDED_AVAILABILITY = YES_AGGRESSIVE;
				CLANG_WARN_UNREACHABLE_CODE = YES;
				CLANG_WARN__DUPLICATE_METHOD_MATCH = YES;
				COPY_PHASE_STRIP = NO;
				DEBUG_INFORMATION_FORMAT = "dwarf-with-dsym";
				ENABLE_NS_ASSERTIONS = NO;
				ENABLE_STRICT_OBJC_MSGSEND = YES;
				ENABLE_USER_SCRIPT_SANDBOXING = YES;
				GCC_C_LANGUAGE_STANDARD = gnu17;
				GCC_NO_COMMON_BLOCKS = YES;
				GCC_WARN_64_TO_32_BIT_CONVERSION = YES;
				GCC_WARN_ABOUT_RETURN_TYPE = YES_ERROR;
				GCC_WARN_UNDECLARED_SELECTOR = YES;
				GCC_WARN_UNINITIALIZED_AUTOS = YES_AGGRESSIVE;
				GCC_WARN_UNUSED_FUNCTION = YES;
				GCC_WARN_UNUSED_VARIABLE = YES;
				IPHONEOS_DEPLOYMENT_TARGET = 17.2;
				LOCALIZATION_PREFERS_STRING_CATALOGS = YES;
				MTL_ENABLE_DEBUG_INFO = NO;
				MTL_FAST_MATH = YES;
				SDKROOT = iphoneos;
				SWIFT_COMPILATION_MODE = wholemodule;
				VALIDATE_PRODUCT = YES;
			};
			name = Release;
		};
		B8F4B7BA2C12135E000596BD /* Debug */ = {
			isa = XCBuildConfiguration;
			buildSettings = {
				ASSETCATALOG_COMPILER_APPICON_NAME = AppIcon;
				ASSETCATALOG_COMPILER_GLOBAL_ACCENT_COLOR_NAME = AccentColor;
				CODE_SIGN_STYLE = Automatic;
				CURRENT_PROJECT_VERSION = 1;
				DEVELOPMENT_TEAM = S7WVV7Z7FH;
				GENERATE_INFOPLIST_FILE = YES;
				INFOPLIST_FILE = Pokedex/Info.plist;
				INFOPLIST_KEY_UIApplicationSupportsIndirectInputEvents = YES;
				INFOPLIST_KEY_UILaunchStoryboardName = LaunchScreen;
				INFOPLIST_KEY_UISupportedInterfaceOrientations_iPad = "UIInterfaceOrientationPortrait UIInterfaceOrientationPortraitUpsideDown UIInterfaceOrientationLandscapeLeft UIInterfaceOrientationLandscapeRight";
				INFOPLIST_KEY_UISupportedInterfaceOrientations_iPhone = "UIInterfaceOrientationPortrait UIInterfaceOrientationLandscapeLeft UIInterfaceOrientationLandscapeRight";
				LD_RUNPATH_SEARCH_PATHS = (
					"$(inherited)",
					"@executable_path/Frameworks",
				);
				MARKETING_VERSION = 1.0;
				PRODUCT_BUNDLE_IDENTIFIER = com.kabiviana.Pokedex;
				PRODUCT_NAME = "$(TARGET_NAME)";
				SWIFT_EMIT_LOC_STRINGS = YES;
				SWIFT_VERSION = 5.0;
				TARGETED_DEVICE_FAMILY = "1,2";
			};
			name = Debug;
		};
		B8F4B7BB2C12135E000596BD /* Release */ = {
			isa = XCBuildConfiguration;
			buildSettings = {
				ASSETCATALOG_COMPILER_APPICON_NAME = AppIcon;
				ASSETCATALOG_COMPILER_GLOBAL_ACCENT_COLOR_NAME = AccentColor;
				CODE_SIGN_STYLE = Automatic;
				CURRENT_PROJECT_VERSION = 1;
				DEVELOPMENT_TEAM = S7WVV7Z7FH;
				GENERATE_INFOPLIST_FILE = YES;
				INFOPLIST_FILE = Pokedex/Info.plist;
				INFOPLIST_KEY_UIApplicationSupportsIndirectInputEvents = YES;
				INFOPLIST_KEY_UILaunchStoryboardName = LaunchScreen;
				INFOPLIST_KEY_UISupportedInterfaceOrientations_iPad = "UIInterfaceOrientationPortrait UIInterfaceOrientationPortraitUpsideDown UIInterfaceOrientationLandscapeLeft UIInterfaceOrientationLandscapeRight";
				INFOPLIST_KEY_UISupportedInterfaceOrientations_iPhone = "UIInterfaceOrientationPortrait UIInterfaceOrientationLandscapeLeft UIInterfaceOrientationLandscapeRight";
				LD_RUNPATH_SEARCH_PATHS = (
					"$(inherited)",
					"@executable_path/Frameworks",
				);
				MARKETING_VERSION = 1.0;
				PRODUCT_BUNDLE_IDENTIFIER = com.kabiviana.Pokedex;
				PRODUCT_NAME = "$(TARGET_NAME)";
				SWIFT_EMIT_LOC_STRINGS = YES;
				SWIFT_VERSION = 5.0;
				TARGETED_DEVICE_FAMILY = "1,2";
			};
			name = Release;
		};
		B8F4B7BD2C12135E000596BD /* Debug */ = {
			isa = XCBuildConfiguration;
			buildSettings = {
				ALWAYS_EMBED_SWIFT_STANDARD_LIBRARIES = YES;
				BUNDLE_LOADER = "$(TEST_HOST)";
				CODE_SIGN_STYLE = Automatic;
				CURRENT_PROJECT_VERSION = 1;
				DEVELOPMENT_TEAM = S7WVV7Z7FH;
				GENERATE_INFOPLIST_FILE = YES;
				IPHONEOS_DEPLOYMENT_TARGET = 17.2;
				MARKETING_VERSION = 1.0;
				PRODUCT_BUNDLE_IDENTIFIER = com.kabiviana.PokedexTests;
				PRODUCT_NAME = "$(TARGET_NAME)";
				SWIFT_EMIT_LOC_STRINGS = NO;
				SWIFT_VERSION = 5.0;
				TARGETED_DEVICE_FAMILY = "1,2";
				TEST_HOST = "$(BUILT_PRODUCTS_DIR)/Pokedex.app/$(BUNDLE_EXECUTABLE_FOLDER_PATH)/Pokedex";
			};
			name = Debug;
		};
		B8F4B7BE2C12135E000596BD /* Release */ = {
			isa = XCBuildConfiguration;
			buildSettings = {
				ALWAYS_EMBED_SWIFT_STANDARD_LIBRARIES = YES;
				BUNDLE_LOADER = "$(TEST_HOST)";
				CODE_SIGN_STYLE = Automatic;
				CURRENT_PROJECT_VERSION = 1;
				DEVELOPMENT_TEAM = S7WVV7Z7FH;
				GENERATE_INFOPLIST_FILE = YES;
				IPHONEOS_DEPLOYMENT_TARGET = 17.2;
				MARKETING_VERSION = 1.0;
				PRODUCT_BUNDLE_IDENTIFIER = com.kabiviana.PokedexTests;
				PRODUCT_NAME = "$(TARGET_NAME)";
				SWIFT_EMIT_LOC_STRINGS = NO;
				SWIFT_VERSION = 5.0;
				TARGETED_DEVICE_FAMILY = "1,2";
				TEST_HOST = "$(BUILT_PRODUCTS_DIR)/Pokedex.app/$(BUNDLE_EXECUTABLE_FOLDER_PATH)/Pokedex";
			};
			name = Release;
		};
		B8F4B7C02C12135E000596BD /* Debug */ = {
			isa = XCBuildConfiguration;
			buildSettings = {
				ALWAYS_EMBED_SWIFT_STANDARD_LIBRARIES = YES;
				CODE_SIGN_STYLE = Automatic;
				CURRENT_PROJECT_VERSION = 1;
				DEVELOPMENT_TEAM = S7WVV7Z7FH;
				GENERATE_INFOPLIST_FILE = YES;
				MARKETING_VERSION = 1.0;
				PRODUCT_BUNDLE_IDENTIFIER = com.kabiviana.PokedexUITests;
				PRODUCT_NAME = "$(TARGET_NAME)";
				SWIFT_EMIT_LOC_STRINGS = NO;
				SWIFT_VERSION = 5.0;
				TARGETED_DEVICE_FAMILY = "1,2";
				TEST_TARGET_NAME = Pokedex;
			};
			name = Debug;
		};
		B8F4B7C12C12135E000596BD /* Release */ = {
			isa = XCBuildConfiguration;
			buildSettings = {
				ALWAYS_EMBED_SWIFT_STANDARD_LIBRARIES = YES;
				CODE_SIGN_STYLE = Automatic;
				CURRENT_PROJECT_VERSION = 1;
				DEVELOPMENT_TEAM = S7WVV7Z7FH;
				GENERATE_INFOPLIST_FILE = YES;
				MARKETING_VERSION = 1.0;
				PRODUCT_BUNDLE_IDENTIFIER = com.kabiviana.PokedexUITests;
				PRODUCT_NAME = "$(TARGET_NAME)";
				SWIFT_EMIT_LOC_STRINGS = NO;
				SWIFT_VERSION = 5.0;
				TARGETED_DEVICE_FAMILY = "1,2";
				TEST_TARGET_NAME = Pokedex;
			};
			name = Release;
		};
/* End XCBuildConfiguration section */

/* Begin XCConfigurationList section */
		B8F4B78A2C12135C000596BD /* Build configuration list for PBXProject "Pokedex" */ = {
			isa = XCConfigurationList;
			buildConfigurations = (
				B8F4B7B72C12135E000596BD /* Debug */,
				B8F4B7B82C12135E000596BD /* Release */,
			);
			defaultConfigurationIsVisible = 0;
			defaultConfigurationName = Release;
		};
		B8F4B7B92C12135E000596BD /* Build configuration list for PBXNativeTarget "Pokedex" */ = {
			isa = XCConfigurationList;
			buildConfigurations = (
				B8F4B7BA2C12135E000596BD /* Debug */,
				B8F4B7BB2C12135E000596BD /* Release */,
			);
			defaultConfigurationIsVisible = 0;
			defaultConfigurationName = Release;
		};
		B8F4B7BC2C12135E000596BD /* Build configuration list for PBXNativeTarget "PokedexTests" */ = {
			isa = XCConfigurationList;
			buildConfigurations = (
				B8F4B7BD2C12135E000596BD /* Debug */,
				B8F4B7BE2C12135E000596BD /* Release */,
			);
			defaultConfigurationIsVisible = 0;
			defaultConfigurationName = Release;
		};
		B8F4B7BF2C12135E000596BD /* Build configuration list for PBXNativeTarget "PokedexUITests" */ = {
			isa = XCConfigurationList;
			buildConfigurations = (
				B8F4B7C02C12135E000596BD /* Debug */,
				B8F4B7C12C12135E000596BD /* Release */,
			);
			defaultConfigurationIsVisible = 0;
			defaultConfigurationName = Release;
		};
/* End XCConfigurationList section */
	};
	rootObject = B8F4B7872C12135C000596BD /* Project object */;
}
